
Microsoft Visual Studio Solution File, Format Version 12.00
# Visual Studio Version 17
VisualStudioVersion = 17.5.33502.453
MinimumVisualStudioVersion = 10.0.40219.1
Project("{9A19103F-16F7-4668-BE54-9A1E7A4F7556}") = "ChallengeBotones", "Challenge Botones\ChallengeBotones.csproj", "{ED830F12-998C-4DAE-A25F-821E6C3A29CD}"
EndProject
Global
	GlobalSection(SolutionConfigurationPlatforms) = preSolution
		Debug|Any CPU = Debug|Any CPU
		Release|Any CPU = Release|Any CPU
	EndGlobalSection
	GlobalSection(ProjectConfigurationPlatforms) = postSolution
		{ED830F12-998C-4DAE-A25F-821E6C3A29CD}.Debug|Any CPU.ActiveCfg = Debug|Any CPU
		{ED830F12-998C-4DAE-A25F-821E6C3A29CD}.Debug|Any CPU.Build.0 = Debug|Any CPU
		{ED830F12-998C-4DAE-A25F-821E6C3A29CD}.Release|Any CPU.ActiveCfg = Release|Any CPU
		{ED830F12-998C-4DAE-A25F-821E6C3A29CD}.Release|Any CPU.Build.0 = Release|Any CPU
	EndGlobalSection
	GlobalSection(SolutionProperties) = preSolution
		HideSolutionNode = FALSE
	EndGlobalSection
	GlobalSection(ExtensibilityGlobals) = postSolution
		SolutionGuid = {B6A5807C-7592-40C9-87A9-DC99FCB75216}
	EndGlobalSection
EndGlobal
